
Microsoft Visual Studio Solution File, Format Version 12.00
# Visual Studio Version 17
VisualStudioVersion = 17.14.36301.6 d17.14
MinimumVisualStudioVersion = 10.0.40219.1
Project("{FAE04EC0-301F-11D3-BF4B-00C04F79EFBC}") = "JenkinsDemo3", "JenkinsDemo3\JenkinsDemo3.csproj", "{2B48D401-D8D1-4F31-81A5-0DD99AC9667E}"
EndProject
Global
	GlobalSection(SolutionConfigurationPlatforms) = preSolution
		Debug|Any CPU = Debug|Any CPU
		Release|Any CPU = Release|Any CPU
	EndGlobalSection
	GlobalSection(ProjectConfigurationPlatforms) = postSolution
		{2B48D401-D8D1-4F31-81A5-0DD99AC9667E}.Debug|Any CPU.ActiveCfg = Debug|Any CPU
		{2B48D401-D8D1-4F31-81A5-0DD99AC9667E}.Debug|Any CPU.Build.0 = Debug|Any CPU
		{2B48D401-D8D1-4F31-81A5-0DD99AC9667E}.Release|Any CPU.ActiveCfg = Release|Any CPU
		{2B48D401-D8D1-4F31-81A5-0DD99AC9667E}.Release|Any CPU.Build.0 = Release|Any CPU
	EndGlobalSection
	GlobalSection(SolutionProperties) = preSolution
		HideSolutionNode = FALSE
	EndGlobalSection
	GlobalSection(ExtensibilityGlobals) = postSolution
		SolutionGuid = {70855B4F-1F68-44AB-9013-5235C23069D4}
	EndGlobalSection
EndGlobal
